
Microsoft Visual Studio Solution File, Format Version 12.00
# Visual Studio 15
VisualStudioVersion = 15.0.28307.539
MinimumVisualStudioVersion = 10.0.40219.1
Project("{888888A0-9F3D-457C-B088-3A5042F75D52}") = "FIEK-TCP Klienti", "FIEK-TCP Klienti\FIEK-TCP Klienti.pyproj", "{23AE3AF1-CC00-4A07-B930-23002A02CB46}"
EndProject
Global
	GlobalSection(SolutionConfigurationPlatforms) = preSolution
		Debug|Any CPU = Debug|Any CPU
		Release|Any CPU = Release|Any CPU
	EndGlobalSection
	GlobalSection(ProjectConfigurationPlatforms) = postSolution
		{23AE3AF1-CC00-4A07-B930-23002A02CB46}.Debug|Any CPU.ActiveCfg = Debug|Any CPU
		{23AE3AF1-CC00-4A07-B930-23002A02CB46}.Release|Any CPU.ActiveCfg = Release|Any CPU
	EndGlobalSection
	GlobalSection(SolutionProperties) = preSolution
		HideSolutionNode = FALSE
	EndGlobalSection
	GlobalSection(ExtensibilityGlobals) = postSolution
		SolutionGuid = {229AD7EA-EFFF-426C-A06E-162E58130F19}
	EndGlobalSection
EndGlobal
